// !$*UTF8*$!
{
	archiveVersion = 1;
	classes = {
	};
	objectVersion = 50;
	objects = {

/* Begin PBXBuildFile section */
		B707372F252D2FAC00F01D4A /* AppDelegate.swift in Sources */ = {isa = PBXBuildFile; fileRef = B707372E252D2FAC00F01D4A /* AppDelegate.swift */; };
		B7073731252D2FAC00F01D4A /* SceneDelegate.swift in Sources */ = {isa = PBXBuildFile; fileRef = B7073730252D2FAC00F01D4A /* SceneDelegate.swift */; };
		B7073736252D2FAC00F01D4A /* Main.storyboard in Resources */ = {isa = PBXBuildFile; fileRef = B7073734252D2FAC00F01D4A /* Main.storyboard */; };
		B7073738252D2FAF00F01D4A /* Assets.xcassets in Resources */ = {isa = PBXBuildFile; fileRef = B7073737252D2FAF00F01D4A /* Assets.xcassets */; };
		B707373B252D2FAF00F01D4A /* LaunchScreen.storyboard in Resources */ = {isa = PBXBuildFile; fileRef = B7073739252D2FAF00F01D4A /* LaunchScreen.storyboard */; };
		B7073746252D2FAF00F01D4A /* Color_PickerTests.swift in Sources */ = {isa = PBXBuildFile; fileRef = B7073745252D2FAF00F01D4A /* Color_PickerTests.swift */; };
		B7073751252D2FAF00F01D4A /* Color_PickerUITests.swift in Sources */ = {isa = PBXBuildFile; fileRef = B7073750252D2FAF00F01D4A /* Color_PickerUITests.swift */; };
		B707375F252D2FE000F01D4A /* Color.swift in Sources */ = {isa = PBXBuildFile; fileRef = B707375E252D2FE000F01D4A /* Color.swift */; };
		B7073761252D335200F01D4A /* ColorPickerViewController.swift in Sources */ = {isa = PBXBuildFile; fileRef = B7073760252D335200F01D4A /* ColorPickerViewController.swift */; };
/* End PBXBuildFile section */

/* Begin PBXContainerItemProxy section */
		B7073742252D2FAF00F01D4A /* PBXContainerItemProxy */ = {
			isa = PBXContainerItemProxy;
			containerPortal = B7073723252D2FAC00F01D4A /* Project object */;
			proxyType = 1;
			remoteGlobalIDString = B707372A252D2FAC00F01D4A;
			remoteInfo = "Color Picker";
		};
		B707374D252D2FAF00F01D4A /* PBXContainerItemProxy */ = {
			isa = PBXContainerItemProxy;
			containerPortal = B7073723252D2FAC00F01D4A /* Project object */;
			proxyType = 1;
			remoteGlobalIDString = B707372A252D2FAC00F01D4A;
			remoteInfo = "Color Picker";
		};
/* End PBXContainerItemProxy section */

/* Begin PBXFileReference section */
		B707372B252D2FAC00F01D4A /* Color Picker.app */ = {isa = PBXFileReference; explicitFileType = wrapper.application; includeInIndex = 0; path = "Color Picker.app"; sourceTree = BUILT_PRODUCTS_DIR; };
		B707372E252D2FAC00F01D4A /* AppDelegate.swift */ = {isa = PBXFileReference; lastKnownFileType = sourcecode.swift; path = AppDelegate.swift; sourceTree = "<group>"; };
		B7073730252D2FAC00F01D4A /* SceneDelegate.swift */ = {isa = PBXFileReference; lastKnownFileType = sourcecode.swift; path = SceneDelegate.swift; sourceTree = "<group>"; };
		B7073735252D2FAC00F01D4A /* Base */ = {isa = PBXFileReference; lastKnownFileType = file.storyboard; name = Base; path = Base.lproj/Main.storyboard; sourceTree = "<group>"; };
		B7073737252D2FAF00F01D4A /* Assets.xcassets */ = {isa = PBXFileReference; lastKnownFileType = folder.assetcatalog; path = Assets.xcassets; sourceTree = "<group>"; };
		B707373A252D2FAF00F01D4A /* Base */ = {isa = PBXFileReference; lastKnownFileType = file.storyboard; name = Base; path = Base.lproj/LaunchScreen.storyboard; sourceTree = "<group>"; };
		B707373C252D2FAF00F01D4A /* Info.plist */ = {isa = PBXFileReference; lastKnownFileType = text.plist.xml; path = Info.plist; sourceTree = "<group>"; };
		B7073741252D2FAF00F01D4A /* Color PickerTests.xctest */ = {isa = PBXFileReference; explicitFileType = wrapper.cfbundle; includeInIndex = 0; path = "Color PickerTests.xctest"; sourceTree = BUILT_PRODUCTS_DIR; };
		B7073745252D2FAF00F01D4A /* Color_PickerTests.swift */ = {isa = PBXFileReference; lastKnownFileType = sourcecode.swift; path = Color_PickerTests.swift; sourceTree = "<group>"; };
		B7073747252D2FAF00F01D4A /* Info.plist */ = {isa = PBXFileReference; lastKnownFileType = text.plist.xml; path = Info.plist; sourceTree = "<group>"; };
		B707374C252D2FAF00F01D4A /* Color PickerUITests.xctest */ = {isa = PBXFileReference; explicitFileType = wrapper.cfbundle; includeInIndex = 0; path = "Color PickerUITests.xctest"; sourceTree = BUILT_PRODUCTS_DIR; };
		B7073750252D2FAF00F01D4A /* Color_PickerUITests.swift */ = {isa = PBXFileReference; lastKnownFileType = sourcecode.swift; path = Color_PickerUITests.swift; sourceTree = "<group>"; };
		B7073752252D2FAF00F01D4A /* Info.plist */ = {isa = PBXFileReference; lastKnownFileType = text.plist.xml; path = Info.plist; sourceTree = "<group>"; };
		B707375E252D2FE000F01D4A /* Color.swift */ = {isa = PBXFileReference; lastKnownFileType = sourcecode.swift; path = Color.swift; sourceTree = "<group>"; };
		B7073760252D335200F01D4A /* ColorPickerViewController.swift */ = {isa = PBXFileReference; lastKnownFileType = sourcecode.swift; path = ColorPickerViewController.swift; sourceTree = "<group>"; };
/* End PBXFileReference section */

/* Begin PBXFrameworksBuildPhase section */
		B7073728252D2FAC00F01D4A /* Frameworks */ = {
			isa = PBXFrameworksBuildPhase;
			buildActionMask = 2147483647;
			files = (
			);
			runOnlyForDeploymentPostprocessing = 0;
		};
		B707373E252D2FAF00F01D4A /* Frameworks */ = {
			isa = PBXFrameworksBuildPhase;
			buildActionMask = 2147483647;
			files = (
			);
			runOnlyForDeploymentPostprocessing = 0;
		};
		B7073749252D2FAF00F01D4A /* Frameworks */ = {
			isa = PBXFrameworksBuildPhase;
			buildActionMask = 2147483647;
			files = (
			);
			runOnlyForDeploymentPostprocessing = 0;
		};
/* End PBXFrameworksBuildPhase section */

/* Begin PBXGroup section */
		B7073722252D2FAC00F01D4A = {
			isa = PBXGroup;
			children = (
				B707372D252D2FAC00F01D4A /* Color Picker */,
				B7073744252D2FAF00F01D4A /* Color PickerTests */,
				B707374F252D2FAF00F01D4A /* Color PickerUITests */,
				B707372C252D2FAC00F01D4A /* Products */,
			);
			sourceTree = "<group>";
		};
		B707372C252D2FAC00F01D4A /* Products */ = {
			isa = PBXGroup;
			children = (
				B707372B252D2FAC00F01D4A /* Color Picker.app */,
				B7073741252D2FAF00F01D4A /* Color PickerTests.xctest */,
				B707374C252D2FAF00F01D4A /* Color PickerUITests.xctest */,
			);
			name = Products;
			sourceTree = "<group>";
		};
		B707372D252D2FAC00F01D4A /* Color Picker */ = {
			isa = PBXGroup;
			children = (
				B707372E252D2FAC00F01D4A /* AppDelegate.swift */,
				B7073730252D2FAC00F01D4A /* SceneDelegate.swift */,
				B7073734252D2FAC00F01D4A /* Main.storyboard */,
				B7073737252D2FAF00F01D4A /* Assets.xcassets */,
				B7073739252D2FAF00F01D4A /* LaunchScreen.storyboard */,
				B707373C252D2FAF00F01D4A /* Info.plist */,
				B707375E252D2FE000F01D4A /* Color.swift */,
				B7073760252D335200F01D4A /* ColorPickerViewController.swift */,
			);
			path = "Color Picker";
			sourceTree = "<group>";
		};
		B7073744252D2FAF00F01D4A /* Color PickerTests */ = {
			isa = PBXGroup;
			children = (
				B7073745252D2FAF00F01D4A /* Color_PickerTests.swift */,
				B7073747252D2FAF00F01D4A /* Info.plist */,
			);
			path = "Color PickerTests";
			sourceTree = "<group>";
		};
		B707374F252D2FAF00F01D4A /* Color PickerUITests */ = {
			isa = PBXGroup;
			children = (
				B7073750252D2FAF00F01D4A /* Color_PickerUITests.swift */,
				B7073752252D2FAF00F01D4A /* Info.plist */,
			);
			path = "Color PickerUITests";
			sourceTree = "<group>";
		};
/* End PBXGroup section */

/* Begin PBXNativeTarget section */
		B707372A252D2FAC00F01D4A /* Color Picker */ = {
			isa = PBXNativeTarget;
			buildConfigurationList = B7073755252D2FAF00F01D4A /* Build configuration list for PBXNativeTarget "Color Picker" */;
			buildPhases = (
				B7073727252D2FAC00F01D4A /* Sources */,
				B7073728252D2FAC00F01D4A /* Frameworks */,
				B7073729252D2FAC00F01D4A /* Resources */,
			);
			buildRules = (
			);
			dependencies = (
			);
			name = "Color Picker";
			productName = "Color Picker";
			productReference = B707372B252D2FAC00F01D4A /* Color Picker.app */;
			productType = "com.apple.product-type.application";
		};
		B7073740252D2FAF00F01D4A /* Color PickerTests */ = {
			isa = PBXNativeTarget;
			buildConfigurationList = B7073758252D2FAF00F01D4A /* Build configuration list for PBXNativeTarget "Color PickerTests" */;
			buildPhases = (
				B707373D252D2FAF00F01D4A /* Sources */,
				B707373E252D2FAF00F01D4A /* Frameworks */,
				B707373F252D2FAF00F01D4A /* Resources */,
			);
			buildRules = (
			);
			dependencies = (
				B7073743252D2FAF00F01D4A /* PBXTargetDependency */,
			);
			name = "Color PickerTests";
			productName = "Color PickerTests";
			productReference = B7073741252D2FAF00F01D4A /* Color PickerTests.xctest */;
			productType = "com.apple.product-type.bundle.unit-test";
		};
		B707374B252D2FAF00F01D4A /* Color PickerUITests */ = {
			isa = PBXNativeTarget;
			buildConfigurationList = B707375B252D2FAF00F01D4A /* Build configuration list for PBXNativeTarget "Color PickerUITests" */;
			buildPhases = (
				B7073748252D2FAF00F01D4A /* Sources */,
				B7073749252D2FAF00F01D4A /* Frameworks */,
				B707374A252D2FAF00F01D4A /* Resources */,
			);
			buildRules = (
			);
			dependencies = (
				B707374E252D2FAF00F01D4A /* PBXTargetDependency */,
			);
			name = "Color PickerUITests";
			productName = "Color PickerUITests";
			productReference = B707374C252D2FAF00F01D4A /* Color PickerUITests.xctest */;
			productType = "com.apple.product-type.bundle.ui-testing";
		};
/* End PBXNativeTarget section */

/* Begin PBXProject section */
		B7073723252D2FAC00F01D4A /* Project object */ = {
			isa = PBXProject;
			attributes = {
				LastSwiftUpdateCheck = 1170;
				LastUpgradeCheck = 1170;
				ORGANIZATIONNAME = "Noah Backman";
				TargetAttributes = {
					B707372A252D2FAC00F01D4A = {
						CreatedOnToolsVersion = 11.7;
					};
					B7073740252D2FAF00F01D4A = {
						CreatedOnToolsVersion = 11.7;
						TestTargetID = B707372A252D2FAC00F01D4A;
					};
					B707374B252D2FAF00F01D4A = {
						CreatedOnToolsVersion = 11.7;
						TestTargetID = B707372A252D2FAC00F01D4A;
					};
				};
			};
			buildConfigurationList = B7073726252D2FAC00F01D4A /* Build configuration list for PBXProject "Color Picker" */;
			compatibilityVersion = "Xcode 9.3";
			developmentRegion = en;
			hasScannedForEncodings = 0;
			knownRegions = (
				en,
				Base,
			);
			mainGroup = B7073722252D2FAC00F01D4A;
			productRefGroup = B707372C252D2FAC00F01D4A /* Products */;
			projectDirPath = "";
			projectRoot = "";
			targets = (
				B707372A252D2FAC00F01D4A /* Color Picker */,
				B7073740252D2FAF00F01D4A /* Color PickerTests */,
				B707374B252D2FAF00F01D4A /* Color PickerUITests */,
			);
		};
/* End PBXProject section */

/* Begin PBXResourcesBuildPhase section */
		B7073729252D2FAC00F01D4A /* Resources */ = {
			isa = PBXResourcesBuildPhase;
			buildActionMask = 2147483647;
			files = (
				B707373B252D2FAF00F01D4A /* LaunchScreen.storyboard in Resources */,
				B7073738252D2FAF00F01D4A /* Assets.xcassets in Resources */,
				B7073736252D2FAC00F01D4A /* Main.storyboard in Resources */,
			);
			runOnlyForDeploymentPostprocessing = 0;
		};
		B707373F252D2FAF00F01D4A /* Resources */ = {
			isa = PBXResourcesBuildPhase;
			buildActionMask = 2147483647;
			files = (
			);
			runOnlyForDeploymentPostprocessing = 0;
		};
		B707374A252D2FAF00F01D4A /* Resources */ = {
			isa = PBXResourcesBuildPhase;
			buildActionMask = 2147483647;
			files = (
			);
			runOnlyForDeploymentPostprocessing = 0;
		};
/* End PBXResourcesBuildPhase section */

/* Begin PBXSourcesBuildPhase section */
		B7073727252D2FAC00F01D4A /* Sources */ = {
			isa = PBXSourcesBuildPhase;
			buildActionMask = 2147483647;
			files = (
				B707375F252D2FE000F01D4A /* Color.swift in Sources */,
				B707372F252D2FAC00F01D4A /* AppDelegate.swift in Sources */,
				B7073761252D335200F01D4A /* ColorPickerViewController.swift in Sources */,
				B7073731252D2FAC00F01D4A /* SceneDelegate.swift in Sources */,
			);
			runOnlyForDeploymentPostprocessing = 0;
		};
		B707373D252D2FAF00F01D4A /* Sources */ = {
			isa = PBXSourcesBuildPhase;
			buildActionMask = 2147483647;
			files = (
				B7073746252D2FAF00F01D4A /* Color_PickerTests.swift in Sources */,
			);
			runOnlyForDeploymentPostprocessing = 0;
		};
		B7073748252D2FAF00F01D4A /* Sources */ = {
			isa = PBXSourcesBuildPhase;
			buildActionMask = 2147483647;
			files = (
				B7073751252D2FAF00F01D4A /* Color_PickerUITests.swift in Sources */,
			);
			runOnlyForDeploymentPostprocessing = 0;
		};
/* End PBXSourcesBuildPhase section */

/* Begin PBXTargetDependency section */
		B7073743252D2FAF00F01D4A /* PBXTargetDependency */ = {
			isa = PBXTargetDependency;
			target = B707372A252D2FAC00F01D4A /* Color Picker */;
			targetProxy = B7073742252D2FAF00F01D4A /* PBXContainerItemProxy */;
		};
		B707374E252D2FAF00F01D4A /* PBXTargetDependency */ = {
			isa = PBXTargetDependency;
			target = B707372A252D2FAC00F01D4A /* Color Picker */;
			targetProxy = B707374D252D2FAF00F01D4A /* PBXContainerItemProxy */;
		};
/* End PBXTargetDependency section */

/* Begin PBXVariantGroup section */
		B7073734252D2FAC00F01D4A /* Main.storyboard */ = {
			isa = PBXVariantGroup;
			children = (
				B7073735252D2FAC00F01D4A /* Base */,
			);
			name = Main.storyboard;
			sourceTree = "<group>";
		};
		B7073739252D2FAF00F01D4A /* LaunchScreen.storyboard */ = {
			isa = PBXVariantGroup;
			children = (
				B707373A252D2FAF00F01D4A /* Base */,
			);
			name = LaunchScreen.storyboard;
			sourceTree = "<group>";
		};
/* End PBXVariantGroup section */

/* Begin XCBuildConfiguration section */
		B7073753252D2FAF00F01D4A /* Debug */ = {
			isa = XCBuildConfiguration;
			buildSettings = {
				ALWAYS_SEARCH_USER_PATHS = NO;
				CLANG_ANALYZER_NONNULL = YES;
				CLANG_ANALYZER_NUMBER_OBJECT_CONVERSION = YES_AGGRESSIVE;
				CLANG_CXX_LANGUAGE_STANDARD = "gnu++14";
				CLANG_CXX_LIBRARY = "libc++";
				CLANG_ENABLE_MODULES = YES;
				CLANG_ENABLE_OBJC_ARC = YES;
				CLANG_ENABLE_OBJC_WEAK = YES;
				CLANG_WARN_BLOCK_CAPTURE_AUTORELEASING = YES;
				CLANG_WARN_BOOL_CONVERSION = YES;
				CLANG_WARN_COMMA = YES;
				CLANG_WARN_CONSTANT_CONVERSION = YES;
				CLANG_WARN_DEPRECATED_OBJC_IMPLEMENTATIONS = YES;
				CLANG_WARN_DIRECT_OBJC_ISA_USAGE = YES_ERROR;
				CLANG_WARN_DOCUMENTATION_COMMENTS = YES;
				CLANG_WARN_EMPTY_BODY = YES;
				CLANG_WARN_ENUM_CONVERSION = YES;
				CLANG_WARN_INFINITE_RECURSION = YES;
				CLANG_WARN_INT_CONVERSION = YES;
				CLANG_WARN_NON_LITERAL_NULL_CONVERSION = YES;
				CLANG_WARN_OBJC_IMPLICIT_RETAIN_SELF = YES;
				CLANG_WARN_OBJC_LITERAL_CONVERSION = YES;
				CLANG_WARN_OBJC_ROOT_CLASS = YES_ERROR;
				CLANG_WARN_RANGE_LOOP_ANALYSIS = YES;
				CLANG_WARN_STRICT_PROTOTYPES = YES;
				CLANG_WARN_SUSPICIOUS_MOVE = YES;
				CLANG_WARN_UNGUARDED_AVAILABILITY = YES_AGGRESSIVE;
				CLANG_WARN_UNREACHABLE_CODE = YES;
				CLANG_WARN__DUPLICATE_METHOD_MATCH = YES;
				COPY_PHASE_STRIP = NO;
				DEBUG_INFORMATION_FORMAT = dwarf;
				ENABLE_STRICT_OBJC_MSGSEND = YES;
				ENABLE_TESTABILITY = YES;
				GCC_C_LANGUAGE_STANDARD = gnu11;
				GCC_DYNAMIC_NO_PIC = NO;
				GCC_NO_COMMON_BLOCKS = YES;
				GCC_OPTIMIZATION_LEVEL = 0;
				GCC_PREPROCESSOR_DEFINITIONS = (
					"DEBUG=1",
					"$(inherited)",
				);
				GCC_WARN_64_TO_32_BIT_CONVERSION = YES;
				GCC_WARN_ABOUT_RETURN_TYPE = YES_ERROR;
				GCC_WARN_UNDECLARED_SELECTOR = YES;
				GCC_WARN_UNINITIALIZED_AUTOS = YES_AGGRESSIVE;
				GCC_WARN_UNUSED_FUNCTION = YES;
				GCC_WARN_UNUSED_VARIABLE = YES;
				IPHONEOS_DEPLOYMENT_TARGET = 13.7;
				MTL_ENABLE_DEBUG_INFO = INCLUDE_SOURCE;
				MTL_FAST_MATH = YES;
				ONLY_ACTIVE_ARCH = YES;
				SDKROOT = iphoneos;
				SWIFT_ACTIVE_COMPILATION_CONDITIONS = DEBUG;
				SWIFT_OPTIMIZATION_LEVEL = "-Onone";
			};
			name = Debug;
		};
		B7073754252D2FAF00F01D4A /* Release */ = {
			isa = XCBuildConfiguration;
			buildSettings = {
				ALWAYS_SEARCH_USER_PATHS = NO;
				CLANG_ANALYZER_NONNULL = YES;
				CLANG_ANALYZER_NUMBER_OBJECT_CONVERSION = YES_AGGRESSIVE;
				CLANG_CXX_LANGUAGE_STANDARD = "gnu++14";
				CLANG_CXX_LIBRARY = "libc++";
				CLANG_ENABLE_MODULES = YES;
				CLANG_ENABLE_OBJC_ARC = YES;
				CLANG_ENABLE_OBJC_WEAK = YES;
				CLANG_WARN_BLOCK_CAPTURE_AUTORELEASING = YES;
				CLANG_WARN_BOOL_CONVERSION = YES;
				CLANG_WARN_COMMA = YES;
				CLANG_WARN_CONSTANT_CONVERSION = YES;
				CLANG_WARN_DEPRECATED_OBJC_IMPLEMENTATIONS = YES;
				CLANG_WARN_DIRECT_OBJC_ISA_USAGE = YES_ERROR;
				CLANG_WARN_DOCUMENTATION_COMMENTS = YES;
				CLANG_WARN_EMPTY_BODY = YES;
				CLANG_WARN_ENUM_CONVERSION = YES;
				CLANG_WARN_INFINITE_RECURSION = YES;
				CLANG_WARN_INT_CONVERSION = YES;
				CLANG_WARN_NON_LITERAL_NULL_CONVERSION = YES;
				CLANG_WARN_OBJC_IMPLICIT_RETAIN_SELF = YES;
				CLANG_WARN_OBJC_LITERAL_CONVERSION = YES;
				CLANG_WARN_OBJC_ROOT_CLASS = YES_ERROR;
				CLANG_WARN_RANGE_LOOP_ANALYSIS = YES;
				CLANG_WARN_STRICT_PROTOTYPES = YES;
				CLANG_WARN_SUSPICIOUS_MOVE = YES;
				CLANG_WARN_UNGUARDED_AVAILABILITY = YES_AGGRESSIVE;
				CLANG_WARN_UNREACHABLE_CODE = YES;
				CLANG_WARN__DUPLICATE_METHOD_MATCH = YES;
				COPY_PHASE_STRIP = NO;
				DEBUG_INFORMATION_FORMAT = "dwarf-with-dsym";
				ENABLE_NS_ASSERTIONS = NO;
				ENABLE_STRICT_OBJC_MSGSEND = YES;
				GCC_C_LANGUAGE_STANDARD = gnu11;
				GCC_NO_COMMON_BLOCKS = YES;
				GCC_WARN_64_TO_32_BIT_CONVERSION = YES;
				GCC_WARN_ABOUT_RETURN_TYPE = YES_ERROR;
				GCC_WARN_UNDECLARED_SELECTOR = YES;
				GCC_WARN_UNINITIALIZED_AUTOS = YES_AGGRESSIVE;
				GCC_WARN_UNUSED_FUNCTION = YES;
				GCC_WARN_UNUSED_VARIABLE = YES;
				IPHONEOS_DEPLOYMENT_TARGET = 13.7;
				MTL_ENABLE_DEBUG_INFO = NO;
				MTL_FAST_MATH = YES;
				SDKROOT = iphoneos;
				SWIFT_COMPILATION_MODE = wholemodule;
				SWIFT_OPTIMIZATION_LEVEL = "-O";
				VALIDATE_PRODUCT = YES;
			};
			name = Release;
		};
		B7073756252D2FAF00F01D4A /* Debug */ = {
			isa = XCBuildConfiguration;
			buildSettings = {
				ASSETCATALOG_COMPILER_APPICON_NAME = AppIcon;
				CODE_SIGN_STYLE = Automatic;
				DEVELOPMENT_TEAM = "";
				INFOPLIST_FILE = "Color Picker/Info.plist";
				LD_RUNPATH_SEARCH_PATHS = (
					"$(inherited)",
					"@executable_path/Frameworks",
				);
				PRODUCT_BUNDLE_IDENTIFIER = "nrb8qf.Color-Picker";
				PRODUCT_NAME = "$(TARGET_NAME)";
				SWIFT_VERSION = 5.0;
				TARGETED_DEVICE_FAMILY = "1,2";
			};
			name = Debug;
		};
		B7073757252D2FAF00F01D4A /* Release */ = {
			isa = XCBuildConfiguration;
			buildSettings = {
				ASSETCATALOG_COMPILER_APPICON_NAME = AppIcon;
				CODE_SIGN_STYLE = Automatic;
				DEVELOPMENT_TEAM = "";
				INFOPLIST_FILE = "Color Picker/Info.plist";
				LD_RUNPATH_SEARCH_PATHS = (
					"$(inherited)",
					"@executable_path/Frameworks",
				);
				PRODUCT_BUNDLE_IDENTIFIER = "nrb8qf.Color-Picker";
				PRODUCT_NAME = "$(TARGET_NAME)";
				SWIFT_VERSION = 5.0;
				TARGETED_DEVICE_FAMILY = "1,2";
			};
			name = Release;
		};
		B7073759252D2FAF00F01D4A /* Debug */ = {
			isa = XCBuildConfiguration;
			buildSettings = {
				ALWAYS_EMBED_SWIFT_STANDARD_LIBRARIES = YES;
				BUNDLE_LOADER = "$(TEST_HOST)";
				CODE_SIGN_STYLE = Automatic;
				INFOPLIST_FILE = "Color PickerTests/Info.plist";
				IPHONEOS_DEPLOYMENT_TARGET = 13.7;
				LD_RUNPATH_SEARCH_PATHS = (
					"$(inherited)",
					"@executable_path/Frameworks",
					"@loader_path/Frameworks",
				);
				PRODUCT_BUNDLE_IDENTIFIER = "nrb8qf.Color-PickerTests";
				PRODUCT_NAME = "$(TARGET_NAME)";
				SWIFT_VERSION = 5.0;
				TARGETED_DEVICE_FAMILY = "1,2";
				TEST_HOST = "$(BUILT_PRODUCTS_DIR)/Color Picker.app/Color Picker";
			};
			name = Debug;
		};
		B707375A252D2FAF00F01D4A /* Release */ = {
			isa = XCBuildConfiguration;
			buildSettings = {
				ALWAYS_EMBED_SWIFT_STANDARD_LIBRARIES = YES;
				BUNDLE_LOADER = "$(TEST_HOST)";
				CODE_SIGN_STYLE = Automatic;
				INFOPLIST_FILE = "Color PickerTests/Info.plist";
				IPHONEOS_DEPLOYMENT_TARGET = 13.7;
				LD_RUNPATH_SEARCH_PATHS = (
					"$(inherited)",
					"@executable_path/Frameworks",
					"@loader_path/Frameworks",
				);
				PRODUCT_BUNDLE_IDENTIFIER = "nrb8qf.Color-PickerTests";
				PRODUCT_NAME = "$(TARGET_NAME)";
				SWIFT_VERSION = 5.0;
				TARGETED_DEVICE_FAMILY = "1,2";
				TEST_HOST = "$(BUILT_PRODUCTS_DIR)/Color Picker.app/Color Picker";
			};
			name = Release;
		};
		B707375C252D2FAF00F01D4A /* Debug */ = {
			isa = XCBuildConfiguration;
			buildSettings = {
				ALWAYS_EMBED_SWIFT_STANDARD_LIBRARIES = YES;
				CODE_SIGN_STYLE = Automatic;
				INFOPLIST_FILE = "Color PickerUITests/Info.plist";
				LD_RUNPATH_SEARCH_PATHS = (
					"$(inherited)",
					"@executable_path/Frameworks",
					"@loader_path/Frameworks",
				);
				PRODUCT_BUNDLE_IDENTIFIER = "nrb8qf.Color-PickerUITests";
				PRODUCT_NAME = "$(TARGET_NAME)";
				SWIFT_VERSION = 5.0;
				TARGETED_DEVICE_FAMILY = "1,2";
				TEST_TARGET_NAME = "Color Picker";
			};
			name = Debug;
		};
		B707375D252D2FAF00F01D4A /* Release */ = {
			isa = XCBuildConfiguration;
			buildSettings = {
				ALWAYS_EMBED_SWIFT_STANDARD_LIBRARIES = YES;
				CODE_SIGN_STYLE = Automatic;
				INFOPLIST_FILE = "Color PickerUITests/Info.plist";
				LD_RUNPATH_SEARCH_PATHS = (
					"$(inherited)",
					"@executable_path/Frameworks",
					"@loader_path/Frameworks",
				);
				PRODUCT_BUNDLE_IDENTIFIER = "nrb8qf.Color-PickerUITests";
				PRODUCT_NAME = "$(TARGET_NAME)";
				SWIFT_VERSION = 5.0;
				TARGETED_DEVICE_FAMILY = "1,2";
				TEST_TARGET_NAME = "Color Picker";
			};
			name = Release;
		};
/* End XCBuildConfiguration section */

/* Begin XCConfigurationList section */
		B7073726252D2FAC00F01D4A /* Build configuration list for PBXProject "Color Picker" */ = {
			isa = XCConfigurationList;
			buildConfigurations = (
				B7073753252D2FAF00F01D4A /* Debug */,
				B7073754252D2FAF00F01D4A /* Release */,
			);
			defaultConfigurationIsVisible = 0;
			defaultConfigurationName = Release;
		};
		B7073755252D2FAF00F01D4A /* Build configuration list for PBXNativeTarget "Color Picker" */ = {
			isa = XCConfigurationList;
			buildConfigurations = (
				B7073756252D2FAF00F01D4A /* Debug */,
				B7073757252D2FAF00F01D4A /* Release */,
			);
			defaultConfigurationIsVisible = 0;
			defaultConfigurationName = Release;
		};
		B7073758252D2FAF00F01D4A /* Build configuration list for PBXNativeTarget "Color PickerTests" */ = {
			isa = XCConfigurationList;
			buildConfigurations = (
				B7073759252D2FAF00F01D4A /* Debug */,
				B707375A252D2FAF00F01D4A /* Release */,
			);
			defaultConfigurationIsVisible = 0;
			defaultConfigurationName = Release;
		};
		B707375B252D2FAF00F01D4A /* Build configuration list for PBXNativeTarget "Color PickerUITests" */ = {
			isa = XCConfigurationList;
			buildConfigurations = (
				B707375C252D2FAF00F01D4A /* Debug */,
				B707375D252D2FAF00F01D4A /* Release */,
			);
			defaultConfigurationIsVisible = 0;
			defaultConfigurationName = Release;
		};
/* End XCConfigurationList section */
	};
	rootObject = B7073723252D2FAC00F01D4A /* Project object */;
}
